
Microsoft Visual Studio Solution File, Format Version 12.00
# Visual Studio Version 17
VisualStudioVersion = 17.4.33122.133
MinimumVisualStudioVersion = 10.0.40219.1
Project("{9A19103F-16F7-4668-BE54-9A1E7A4F7556}") = "SpaceshipGarageAPI", "SpaceshipGarageAPI\SpaceshipGarageAPI.csproj", "{523BA342-8BFE-4F3C-841F-F8FF4A9C4B18}"
EndProject
Global
	GlobalSection(SolutionConfigurationPlatforms) = preSolution
		Debug|Any CPU = Debug|Any CPU
		Release|Any CPU = Release|Any CPU
	EndGlobalSection
	GlobalSection(ProjectConfigurationPlatforms) = postSolution
		{523BA342-8BFE-4F3C-841F-F8FF4A9C4B18}.Debug|Any CPU.ActiveCfg = Debug|Any CPU
		{523BA342-8BFE-4F3C-841F-F8FF4A9C4B18}.Debug|Any CPU.Build.0 = Debug|Any CPU
		{523BA342-8BFE-4F3C-841F-F8FF4A9C4B18}.Release|Any CPU.ActiveCfg = Release|Any CPU
		{523BA342-8BFE-4F3C-841F-F8FF4A9C4B18}.Release|Any CPU.Build.0 = Release|Any CPU
	EndGlobalSection
	GlobalSection(SolutionProperties) = preSolution
		HideSolutionNode = FALSE
	EndGlobalSection
	GlobalSection(ExtensibilityGlobals) = postSolution
		SolutionGuid = {FC8E078B-3B0B-4585-A35A-D189E60D1FB0}
	EndGlobalSection
EndGlobal
